// !$*UTF8*$!
{
	archiveVersion = 1;
	classes = {
	};
	objectVersion = 50;
	objects = {

/* Begin PBXBuildFile section */
		5295943E227BA81300B48E59 /* AppDelegate.swift in Sources */ = {isa = PBXBuildFile; fileRef = 5295943D227BA81300B48E59 /* AppDelegate.swift */; };
		52959440227BA81300B48E59 /* ViewController.swift in Sources */ = {isa = PBXBuildFile; fileRef = 5295943F227BA81300B48E59 /* ViewController.swift */; };
		52959443227BA81300B48E59 /* Main.storyboard in Resources */ = {isa = PBXBuildFile; fileRef = 52959441227BA81300B48E59 /* Main.storyboard */; };
		52959445227BA81500B48E59 /* Assets.xcassets in Resources */ = {isa = PBXBuildFile; fileRef = 52959444227BA81500B48E59 /* Assets.xcassets */; };
		52959448227BA81500B48E59 /* LaunchScreen.storyboard in Resources */ = {isa = PBXBuildFile; fileRef = 52959446227BA81500B48E59 /* LaunchScreen.storyboard */; };
		52959453227BA81500B48E59 /* BackBaseExamTests.swift in Sources */ = {isa = PBXBuildFile; fileRef = 52959452227BA81500B48E59 /* BackBaseExamTests.swift */; };
		5295945E227BA81500B48E59 /* BackBaseExamUITests.swift in Sources */ = {isa = PBXBuildFile; fileRef = 5295945D227BA81500B48E59 /* BackBaseExamUITests.swift */; };
/* End PBXBuildFile section */

/* Begin PBXContainerItemProxy section */
		5295944F227BA81500B48E59 /* PBXContainerItemProxy */ = {
			isa = PBXContainerItemProxy;
			containerPortal = 52959432227BA81300B48E59 /* Project object */;
			proxyType = 1;
			remoteGlobalIDString = 52959439227BA81300B48E59;
			remoteInfo = BackBaseExam;
		};
		5295945A227BA81500B48E59 /* PBXContainerItemProxy */ = {
			isa = PBXContainerItemProxy;
			containerPortal = 52959432227BA81300B48E59 /* Project object */;
			proxyType = 1;
			remoteGlobalIDString = 52959439227BA81300B48E59;
			remoteInfo = BackBaseExam;
		};
/* End PBXContainerItemProxy section */

/* Begin PBXFileReference section */
		5295943A227BA81300B48E59 /* BackBaseExam.app */ = {isa = PBXFileReference; explicitFileType = wrapper.application; includeInIndex = 0; path = BackBaseExam.app; sourceTree = BUILT_PRODUCTS_DIR; };
		5295943D227BA81300B48E59 /* AppDelegate.swift */ = {isa = PBXFileReference; lastKnownFileType = sourcecode.swift; path = AppDelegate.swift; sourceTree = "<group>"; };
		5295943F227BA81300B48E59 /* ViewController.swift */ = {isa = PBXFileReference; lastKnownFileType = sourcecode.swift; path = ViewController.swift; sourceTree = "<group>"; };
		52959442227BA81300B48E59 /* Base */ = {isa = PBXFileReference; lastKnownFileType = file.storyboard; name = Base; path = Base.lproj/Main.storyboard; sourceTree = "<group>"; };
		52959444227BA81500B48E59 /* Assets.xcassets */ = {isa = PBXFileReference; lastKnownFileType = folder.assetcatalog; path = Assets.xcassets; sourceTree = "<group>"; };
		52959447227BA81500B48E59 /* Base */ = {isa = PBXFileReference; lastKnownFileType = file.storyboard; name = Base; path = Base.lproj/LaunchScreen.storyboard; sourceTree = "<group>"; };
		52959449227BA81500B48E59 /* Info.plist */ = {isa = PBXFileReference; lastKnownFileType = text.plist.xml; path = Info.plist; sourceTree = "<group>"; };
		5295944E227BA81500B48E59 /* BackBaseExamTests.xctest */ = {isa = PBXFileReference; explicitFileType = wrapper.cfbundle; includeInIndex = 0; path = BackBaseExamTests.xctest; sourceTree = BUILT_PRODUCTS_DIR; };
		52959452227BA81500B48E59 /* BackBaseExamTests.swift */ = {isa = PBXFileReference; lastKnownFileType = sourcecode.swift; path = BackBaseExamTests.swift; sourceTree = "<group>"; };
		52959454227BA81500B48E59 /* Info.plist */ = {isa = PBXFileReference; lastKnownFileType = text.plist.xml; path = Info.plist; sourceTree = "<group>"; };
		52959459227BA81500B48E59 /* BackBaseExamUITests.xctest */ = {isa = PBXFileReference; explicitFileType = wrapper.cfbundle; includeInIndex = 0; path = BackBaseExamUITests.xctest; sourceTree = BUILT_PRODUCTS_DIR; };
		5295945D227BA81500B48E59 /* BackBaseExamUITests.swift */ = {isa = PBXFileReference; lastKnownFileType = sourcecode.swift; path = BackBaseExamUITests.swift; sourceTree = "<group>"; };
		5295945F227BA81500B48E59 /* Info.plist */ = {isa = PBXFileReference; lastKnownFileType = text.plist.xml; path = Info.plist; sourceTree = "<group>"; };
/* End PBXFileReference section */

/* Begin PBXFrameworksBuildPhase section */
		52959437227BA81300B48E59 /* Frameworks */ = {
			isa = PBXFrameworksBuildPhase;
			buildActionMask = 2147483647;
			files = (
			);
			runOnlyForDeploymentPostprocessing = 0;
		};
		5295944B227BA81500B48E59 /* Frameworks */ = {
			isa = PBXFrameworksBuildPhase;
			buildActionMask = 2147483647;
			files = (
			);
			runOnlyForDeploymentPostprocessing = 0;
		};
		52959456227BA81500B48E59 /* Frameworks */ = {
			isa = PBXFrameworksBuildPhase;
			buildActionMask = 2147483647;
			files = (
			);
			runOnlyForDeploymentPostprocessing = 0;
		};
/* End PBXFrameworksBuildPhase section */

/* Begin PBXGroup section */
		52959431227BA81300B48E59 = {
			isa = PBXGroup;
			children = (
				5295943C227BA81300B48E59 /* BackBaseExam */,
				52959451227BA81500B48E59 /* BackBaseExamTests */,
				5295945C227BA81500B48E59 /* BackBaseExamUITests */,
				5295943B227BA81300B48E59 /* Products */,
			);
			sourceTree = "<group>";
		};
		5295943B227BA81300B48E59 /* Products */ = {
			isa = PBXGroup;
			children = (
				5295943A227BA81300B48E59 /* BackBaseExam.app */,
				5295944E227BA81500B48E59 /* BackBaseExamTests.xctest */,
				52959459227BA81500B48E59 /* BackBaseExamUITests.xctest */,
			);
			name = Products;
			sourceTree = "<group>";
		};
		5295943C227BA81300B48E59 /* BackBaseExam */ = {
			isa = PBXGroup;
			children = (
				5295943D227BA81300B48E59 /* AppDelegate.swift */,
				5295943F227BA81300B48E59 /* ViewController.swift */,
				52959441227BA81300B48E59 /* Main.storyboard */,
				52959444227BA81500B48E59 /* Assets.xcassets */,
				52959446227BA81500B48E59 /* LaunchScreen.storyboard */,
				52959449227BA81500B48E59 /* Info.plist */,
			);
			path = BackBaseExam;
			sourceTree = "<group>";
		};
		52959451227BA81500B48E59 /* BackBaseExamTests */ = {
			isa = PBXGroup;
			children = (
				52959452227BA81500B48E59 /* BackBaseExamTests.swift */,
				52959454227BA81500B48E59 /* Info.plist */,
			);
			path = BackBaseExamTests;
			sourceTree = "<group>";
		};
		5295945C227BA81500B48E59 /* BackBaseExamUITests */ = {
			isa = PBXGroup;
			children = (
				5295945D227BA81500B48E59 /* BackBaseExamUITests.swift */,
				5295945F227BA81500B48E59 /* Info.plist */,
			);
			path = BackBaseExamUITests;
			sourceTree = "<group>";
		};
/* End PBXGroup section */

/* Begin PBXNativeTarget section */
		52959439227BA81300B48E59 /* BackBaseExam */ = {
			isa = PBXNativeTarget;
			buildConfigurationList = 52959462227BA81500B48E59 /* Build configuration list for PBXNativeTarget "BackBaseExam" */;
			buildPhases = (
				52959436227BA81300B48E59 /* Sources */,
				52959437227BA81300B48E59 /* Frameworks */,
				52959438227BA81300B48E59 /* Resources */,
			);
			buildRules = (
			);
			dependencies = (
			);
			name = BackBaseExam;
			productName = BackBaseExam;
			productReference = 5295943A227BA81300B48E59 /* BackBaseExam.app */;
			productType = "com.apple.product-type.application";
		};
		5295944D227BA81500B48E59 /* BackBaseExamTests */ = {
			isa = PBXNativeTarget;
			buildConfigurationList = 52959465227BA81500B48E59 /* Build configuration list for PBXNativeTarget "BackBaseExamTests" */;
			buildPhases = (
				5295944A227BA81500B48E59 /* Sources */,
				5295944B227BA81500B48E59 /* Frameworks */,
				5295944C227BA81500B48E59 /* Resources */,
			);
			buildRules = (
			);
			dependencies = (
				52959450227BA81500B48E59 /* PBXTargetDependency */,
			);
			name = BackBaseExamTests;
			productName = BackBaseExamTests;
			productReference = 5295944E227BA81500B48E59 /* BackBaseExamTests.xctest */;
			productType = "com.apple.product-type.bundle.unit-test";
		};
		52959458227BA81500B48E59 /* BackBaseExamUITests */ = {
			isa = PBXNativeTarget;
			buildConfigurationList = 52959468227BA81500B48E59 /* Build configuration list for PBXNativeTarget "BackBaseExamUITests" */;
			buildPhases = (
				52959455227BA81500B48E59 /* Sources */,
				52959456227BA81500B48E59 /* Frameworks */,
				52959457227BA81500B48E59 /* Resources */,
			);
			buildRules = (
			);
			dependencies = (
				5295945B227BA81500B48E59 /* PBXTargetDependency */,
			);
			name = BackBaseExamUITests;
			productName = BackBaseExamUITests;
			productReference = 52959459227BA81500B48E59 /* BackBaseExamUITests.xctest */;
			productType = "com.apple.product-type.bundle.ui-testing";
		};
/* End PBXNativeTarget section */

/* Begin PBXProject section */
		52959432227BA81300B48E59 /* Project object */ = {
			isa = PBXProject;
			attributes = {
				LastSwiftUpdateCheck = 1020;
				LastUpgradeCheck = 1020;
				ORGANIZATIONNAME = "John Freidrich Cinco";
				TargetAttributes = {
					52959439227BA81300B48E59 = {
						CreatedOnToolsVersion = 10.2.1;
					};
					5295944D227BA81500B48E59 = {
						CreatedOnToolsVersion = 10.2.1;
						TestTargetID = 52959439227BA81300B48E59;
					};
					52959458227BA81500B48E59 = {
						CreatedOnToolsVersion = 10.2.1;
						TestTargetID = 52959439227BA81300B48E59;
					};
				};
			};
			buildConfigurationList = 52959435227BA81300B48E59 /* Build configuration list for PBXProject "BackBaseExam" */;
			compatibilityVersion = "Xcode 9.3";
			developmentRegion = en;
			hasScannedForEncodings = 0;
			knownRegions = (
				en,
				Base,
			);
			mainGroup = 52959431227BA81300B48E59;
			productRefGroup = 5295943B227BA81300B48E59 /* Products */;
			projectDirPath = "";
			projectRoot = "";
			targets = (
				52959439227BA81300B48E59 /* BackBaseExam */,
				5295944D227BA81500B48E59 /* BackBaseExamTests */,
				52959458227BA81500B48E59 /* BackBaseExamUITests */,
			);
		};
/* End PBXProject section */

/* Begin PBXResourcesBuildPhase section */
		52959438227BA81300B48E59 /* Resources */ = {
			isa = PBXResourcesBuildPhase;
			buildActionMask = 2147483647;
			files = (
				52959448227BA81500B48E59 /* LaunchScreen.storyboard in Resources */,
				52959445227BA81500B48E59 /* Assets.xcassets in Resources */,
				52959443227BA81300B48E59 /* Main.storyboard in Resources */,
			);
			runOnlyForDeploymentPostprocessing = 0;
		};
		5295944C227BA81500B48E59 /* Resources */ = {
			isa = PBXResourcesBuildPhase;
			buildActionMask = 2147483647;
			files = (
			);
			runOnlyForDeploymentPostprocessing = 0;
		};
		52959457227BA81500B48E59 /* Resources */ = {
			isa = PBXResourcesBuildPhase;
			buildActionMask = 2147483647;
			files = (
			);
			runOnlyForDeploymentPostprocessing = 0;
		};
/* End PBXResourcesBuildPhase section */

/* Begin PBXSourcesBuildPhase section */
		52959436227BA81300B48E59 /* Sources */ = {
			isa = PBXSourcesBuildPhase;
			buildActionMask = 2147483647;
			files = (
				52959440227BA81300B48E59 /* ViewController.swift in Sources */,
				5295943E227BA81300B48E59 /* AppDelegate.swift in Sources */,
			);
			runOnlyForDeploymentPostprocessing = 0;
		};
		5295944A227BA81500B48E59 /* Sources */ = {
			isa = PBXSourcesBuildPhase;
			buildActionMask = 2147483647;
			files = (
				52959453227BA81500B48E59 /* BackBaseExamTests.swift in Sources */,
			);
			runOnlyForDeploymentPostprocessing = 0;
		};
		52959455227BA81500B48E59 /* Sources */ = {
			isa = PBXSourcesBuildPhase;
			buildActionMask = 2147483647;
			files = (
				5295945E227BA81500B48E59 /* BackBaseExamUITests.swift in Sources */,
			);
			runOnlyForDeploymentPostprocessing = 0;
		};
/* End PBXSourcesBuildPhase section */

/* Begin PBXTargetDependency section */
		52959450227BA81500B48E59 /* PBXTargetDependency */ = {
			isa = PBXTargetDependency;
			target = 52959439227BA81300B48E59 /* BackBaseExam */;
			targetProxy = 5295944F227BA81500B48E59 /* PBXContainerItemProxy */;
		};
		5295945B227BA81500B48E59 /* PBXTargetDependency */ = {
			isa = PBXTargetDependency;
			target = 52959439227BA81300B48E59 /* BackBaseExam */;
			targetProxy = 5295945A227BA81500B48E59 /* PBXContainerItemProxy */;
		};
/* End PBXTargetDependency section */

/* Begin PBXVariantGroup section */
		52959441227BA81300B48E59 /* Main.storyboard */ = {
			isa = PBXVariantGroup;
			children = (
				52959442227BA81300B48E59 /* Base */,
			);
			name = Main.storyboard;
			sourceTree = "<group>";
		};
		52959446227BA81500B48E59 /* LaunchScreen.storyboard */ = {
			isa = PBXVariantGroup;
			children = (
				52959447227BA81500B48E59 /* Base */,
			);
			name = LaunchScreen.storyboard;
			sourceTree = "<group>";
		};
/* End PBXVariantGroup section */

/* Begin XCBuildConfiguration section */
		52959460227BA81500B48E59 /* Debug */ = {
			isa = XCBuildConfiguration;
			buildSettings = {
				ALWAYS_SEARCH_USER_PATHS = NO;
				CLANG_ANALYZER_NONNULL = YES;
				CLANG_ANALYZER_NUMBER_OBJECT_CONVERSION = YES_AGGRESSIVE;
				CLANG_CXX_LANGUAGE_STANDARD = "gnu++14";
				CLANG_CXX_LIBRARY = "libc++";
				CLANG_ENABLE_MODULES = YES;
				CLANG_ENABLE_OBJC_ARC = YES;
				CLANG_ENABLE_OBJC_WEAK = YES;
				CLANG_WARN_BLOCK_CAPTURE_AUTORELEASING = YES;
				CLANG_WARN_BOOL_CONVERSION = YES;
				CLANG_WARN_COMMA = YES;
				CLANG_WARN_CONSTANT_CONVERSION = YES;
				CLANG_WARN_DEPRECATED_OBJC_IMPLEMENTATIONS = YES;
				CLANG_WARN_DIRECT_OBJC_ISA_USAGE = YES_ERROR;
				CLANG_WARN_DOCUMENTATION_COMMENTS = YES;
				CLANG_WARN_EMPTY_BODY = YES;
				CLANG_WARN_ENUM_CONVERSION = YES;
				CLANG_WARN_INFINITE_RECURSION = YES;
				CLANG_WARN_INT_CONVERSION = YES;
				CLANG_WARN_NON_LITERAL_NULL_CONVERSION = YES;
				CLANG_WARN_OBJC_IMPLICIT_RETAIN_SELF = YES;
				CLANG_WARN_OBJC_LITERAL_CONVERSION = YES;
				CLANG_WARN_OBJC_ROOT_CLASS = YES_ERROR;
				CLANG_WARN_RANGE_LOOP_ANALYSIS = YES;
				CLANG_WARN_STRICT_PROTOTYPES = YES;
				CLANG_WARN_SUSPICIOUS_MOVE = YES;
				CLANG_WARN_UNGUARDED_AVAILABILITY = YES_AGGRESSIVE;
				CLANG_WARN_UNREACHABLE_CODE = YES;
				CLANG_WARN__DUPLICATE_METHOD_MATCH = YES;
				CODE_SIGN_IDENTITY = "iPhone Developer";
				COPY_PHASE_STRIP = NO;
				DEBUG_INFORMATION_FORMAT = dwarf;
				ENABLE_STRICT_OBJC_MSGSEND = YES;
				ENABLE_TESTABILITY = YES;
				GCC_C_LANGUAGE_STANDARD = gnu11;
				GCC_DYNAMIC_NO_PIC = NO;
				GCC_NO_COMMON_BLOCKS = YES;
				GCC_OPTIMIZATION_LEVEL = 0;
				GCC_PREPROCESSOR_DEFINITIONS = (
					"DEBUG=1",
					"$(inherited)",
				);
				GCC_WARN_64_TO_32_BIT_CONVERSION = YES;
				GCC_WARN_ABOUT_RETURN_TYPE = YES_ERROR;
				GCC_WARN_UNDECLARED_SELECTOR = YES;
				GCC_WARN_UNINITIALIZED_AUTOS = YES_AGGRESSIVE;
				GCC_WARN_UNUSED_FUNCTION = YES;
				GCC_WARN_UNUSED_VARIABLE = YES;
				IPHONEOS_DEPLOYMENT_TARGET = 12.2;
				MTL_ENABLE_DEBUG_INFO = INCLUDE_SOURCE;
				MTL_FAST_MATH = YES;
				ONLY_ACTIVE_ARCH = YES;
				SDKROOT = iphoneos;
				SWIFT_ACTIVE_COMPILATION_CONDITIONS = DEBUG;
				SWIFT_OPTIMIZATION_LEVEL = "-Onone";
			};
			name = Debug;
		};
		52959461227BA81500B48E59 /* Release */ = {
			isa = XCBuildConfiguration;
			buildSettings = {
				ALWAYS_SEARCH_USER_PATHS = NO;
				CLANG_ANALYZER_NONNULL = YES;
				CLANG_ANALYZER_NUMBER_OBJECT_CONVERSION = YES_AGGRESSIVE;
				CLANG_CXX_LANGUAGE_STANDARD = "gnu++14";
				CLANG_CXX_LIBRARY = "libc++";
				CLANG_ENABLE_MODULES = YES;
				CLANG_ENABLE_OBJC_ARC = YES;
				CLANG_ENABLE_OBJC_WEAK = YES;
				CLANG_WARN_BLOCK_CAPTURE_AUTORELEASING = YES;
				CLANG_WARN_BOOL_CONVERSION = YES;
				CLANG_WARN_COMMA = YES;
				CLANG_WARN_CONSTANT_CONVERSION = YES;
				CLANG_WARN_DEPRECATED_OBJC_IMPLEMENTATIONS = YES;
				CLANG_WARN_DIRECT_OBJC_ISA_USAGE = YES_ERROR;
				CLANG_WARN_DOCUMENTATION_COMMENTS = YES;
				CLANG_WARN_EMPTY_BODY = YES;
				CLANG_WARN_ENUM_CONVERSION = YES;
				CLANG_WARN_INFINITE_RECURSION = YES;
				CLANG_WARN_INT_CONVERSION = YES;
				CLANG_WARN_NON_LITERAL_NULL_CONVERSION = YES;
				CLANG_WARN_OBJC_IMPLICIT_RETAIN_SELF = YES;
				CLANG_WARN_OBJC_LITERAL_CONVERSION = YES;
				CLANG_WARN_OBJC_ROOT_CLASS = YES_ERROR;
				CLANG_WARN_RANGE_LOOP_ANALYSIS = YES;
				CLANG_WARN_STRICT_PROTOTYPES = YES;
				CLANG_WARN_SUSPICIOUS_MOVE = YES;
				CLANG_WARN_UNGUARDED_AVAILABILITY = YES_AGGRESSIVE;
				CLANG_WARN_UNREACHABLE_CODE = YES;
				CLANG_WARN__DUPLICATE_METHOD_MATCH = YES;
				CODE_SIGN_IDENTITY = "iPhone Developer";
				COPY_PHASE_STRIP = NO;
				DEBUG_INFORMATION_FORMAT = "dwarf-with-dsym";
				ENABLE_NS_ASSERTIONS = NO;
				ENABLE_STRICT_OBJC_MSGSEND = YES;
				GCC_C_LANGUAGE_STANDARD = gnu11;
				GCC_NO_COMMON_BLOCKS = YES;
				GCC_WARN_64_TO_32_BIT_CONVERSION = YES;
				GCC_WARN_ABOUT_RETURN_TYPE = YES_ERROR;
				GCC_WARN_UNDECLARED_SELECTOR = YES;
				GCC_WARN_UNINITIALIZED_AUTOS = YES_AGGRESSIVE;
				GCC_WARN_UNUSED_FUNCTION = YES;
				GCC_WARN_UNUSED_VARIABLE = YES;
				IPHONEOS_DEPLOYMENT_TARGET = 12.2;
				MTL_ENABLE_DEBUG_INFO = NO;
				MTL_FAST_MATH = YES;
				SDKROOT = iphoneos;
				SWIFT_COMPILATION_MODE = wholemodule;
				SWIFT_OPTIMIZATION_LEVEL = "-O";
				VALIDATE_PRODUCT = YES;
			};
			name = Release;
		};
		52959463227BA81500B48E59 /* Debug */ = {
			isa = XCBuildConfiguration;
			buildSettings = {
				ASSETCATALOG_COMPILER_APPICON_NAME = AppIcon;
				CODE_SIGN_STYLE = Automatic;
				INFOPLIST_FILE = BackBaseExam/Info.plist;
				LD_RUNPATH_SEARCH_PATHS = (
					"$(inherited)",
					"@executable_path/Frameworks",
				);
				PRODUCT_BUNDLE_IDENTIFIER = com.jcinco.BackBaseExam;
				PRODUCT_NAME = "$(TARGET_NAME)";
				SWIFT_VERSION = 5.0;
				TARGETED_DEVICE_FAMILY = "1,2";
			};
			name = Debug;
		};
		52959464227BA81500B48E59 /* Release */ = {
			isa = XCBuildConfiguration;
			buildSettings = {
				ASSETCATALOG_COMPILER_APPICON_NAME = AppIcon;
				CODE_SIGN_STYLE = Automatic;
				INFOPLIST_FILE = BackBaseExam/Info.plist;
				LD_RUNPATH_SEARCH_PATHS = (
					"$(inherited)",
					"@executable_path/Frameworks",
				);
				PRODUCT_BUNDLE_IDENTIFIER = com.jcinco.BackBaseExam;
				PRODUCT_NAME = "$(TARGET_NAME)";
				SWIFT_VERSION = 5.0;
				TARGETED_DEVICE_FAMILY = "1,2";
			};
			name = Release;
		};
		52959466227BA81500B48E59 /* Debug */ = {
			isa = XCBuildConfiguration;
			buildSettings = {
				ALWAYS_EMBED_SWIFT_STANDARD_LIBRARIES = YES;
				BUNDLE_LOADER = "$(TEST_HOST)";
				CODE_SIGN_STYLE = Automatic;
				INFOPLIST_FILE = BackBaseExamTests/Info.plist;
				LD_RUNPATH_SEARCH_PATHS = (
					"$(inherited)",
					"@executable_path/Frameworks",
					"@loader_path/Frameworks",
				);
				PRODUCT_BUNDLE_IDENTIFIER = com.jcinco.BackBaseExamTests;
				PRODUCT_NAME = "$(TARGET_NAME)";
				SWIFT_VERSION = 5.0;
				TARGETED_DEVICE_FAMILY = "1,2";
				TEST_HOST = "$(BUILT_PRODUCTS_DIR)/BackBaseExam.app/BackBaseExam";
			};
			name = Debug;
		};
		52959467227BA81500B48E59 /* Release */ = {
			isa = XCBuildConfiguration;
			buildSettings = {
				ALWAYS_EMBED_SWIFT_STANDARD_LIBRARIES = YES;
				BUNDLE_LOADER = "$(TEST_HOST)";
				CODE_SIGN_STYLE = Automatic;
				INFOPLIST_FILE = BackBaseExamTests/Info.plist;
				LD_RUNPATH_SEARCH_PATHS = (
					"$(inherited)",
					"@executable_path/Frameworks",
					"@loader_path/Frameworks",
				);
				PRODUCT_BUNDLE_IDENTIFIER = com.jcinco.BackBaseExamTests;
				PRODUCT_NAME = "$(TARGET_NAME)";
				SWIFT_VERSION = 5.0;
				TARGETED_DEVICE_FAMILY = "1,2";
				TEST_HOST = "$(BUILT_PRODUCTS_DIR)/BackBaseExam.app/BackBaseExam";
			};
			name = Release;
		};
		52959469227BA81500B48E59 /* Debug */ = {
			isa = XCBuildConfiguration;
			buildSettings = {
				ALWAYS_EMBED_SWIFT_STANDARD_LIBRARIES = YES;
				CODE_SIGN_STYLE = Automatic;
				INFOPLIST_FILE = BackBaseExamUITests/Info.plist;
				LD_RUNPATH_SEARCH_PATHS = (
					"$(inherited)",
					"@executable_path/Frameworks",
					"@loader_path/Frameworks",
				);
				PRODUCT_BUNDLE_IDENTIFIER = com.jcinco.BackBaseExamUITests;
				PRODUCT_NAME = "$(TARGET_NAME)";
				SWIFT_VERSION = 5.0;
				TARGETED_DEVICE_FAMILY = "1,2";
				TEST_TARGET_NAME = BackBaseExam;
			};
			name = Debug;
		};
		5295946A227BA81500B48E59 /* Release */ = {
			isa = XCBuildConfiguration;
			buildSettings = {
				ALWAYS_EMBED_SWIFT_STANDARD_LIBRARIES = YES;
				CODE_SIGN_STYLE = Automatic;
				INFOPLIST_FILE = BackBaseExamUITests/Info.plist;
				LD_RUNPATH_SEARCH_PATHS = (
					"$(inherited)",
					"@executable_path/Frameworks",
					"@loader_path/Frameworks",
				);
				PRODUCT_BUNDLE_IDENTIFIER = com.jcinco.BackBaseExamUITests;
				PRODUCT_NAME = "$(TARGET_NAME)";
				SWIFT_VERSION = 5.0;
				TARGETED_DEVICE_FAMILY = "1,2";
				TEST_TARGET_NAME = BackBaseExam;
			};
			name = Release;
		};
/* End XCBuildConfiguration section */

/* Begin XCConfigurationList section */
		52959435227BA81300B48E59 /* Build configuration list for PBXProject "BackBaseExam" */ = {
			isa = XCConfigurationList;
			buildConfigurations = (
				52959460227BA81500B48E59 /* Debug */,
				52959461227BA81500B48E59 /* Release */,
			);
			defaultConfigurationIsVisible = 0;
			defaultConfigurationName = Release;
		};
		52959462227BA81500B48E59 /* Build configuration list for PBXNativeTarget "BackBaseExam" */ = {
			isa = XCConfigurationList;
			buildConfigurations = (
				52959463227BA81500B48E59 /* Debug */,
				52959464227BA81500B48E59 /* Release */,
			);
			defaultConfigurationIsVisible = 0;
			defaultConfigurationName = Release;
		};
		52959465227BA81500B48E59 /* Build configuration list for PBXNativeTarget "BackBaseExamTests" */ = {
			isa = XCConfigurationList;
			buildConfigurations = (
				52959466227BA81500B48E59 /* Debug */,
				52959467227BA81500B48E59 /* Release */,
			);
			defaultConfigurationIsVisible = 0;
			defaultConfigurationName = Release;
		};
		52959468227BA81500B48E59 /* Build configuration list for PBXNativeTarget "BackBaseExamUITests" */ = {
			isa = XCConfigurationList;
			buildConfigurations = (
				52959469227BA81500B48E59 /* Debug */,
				5295946A227BA81500B48E59 /* Release */,
			);
			defaultConfigurationIsVisible = 0;
			defaultConfigurationName = Release;
		};
/* End XCConfigurationList section */
	};
	rootObject = 52959432227BA81300B48E59 /* Project object */;
}
