// !$*UTF8*$!
{
	archiveVersion = 1;
	classes = {
	};
	objectVersion = 50;
	objects = {

/* Begin PBXBuildFile section */
		52735ED82283D09200BA6E03 /* MapViewController.swift in Sources */ = {isa = PBXBuildFile; fileRef = 52735ED72283D09200BA6E03 /* MapViewController.swift */; };
		52735EDA2283D65400BA6E03 /* MapViewModel.swift in Sources */ = {isa = PBXBuildFile; fileRef = 52735ED92283D65400BA6E03 /* MapViewModel.swift */; };
		52735EDC2283EF8200BA6E03 /* AboutCityViewController.swift in Sources */ = {isa = PBXBuildFile; fileRef = 52735EDB2283EF8200BA6E03 /* AboutCityViewController.swift */; };
		52735EE32284562C00BA6E03 /* AboutModel.swift in Sources */ = {isa = PBXBuildFile; fileRef = 52735EDF2284562C00BA6E03 /* AboutModel.swift */; };
		52735EE42284562C00BA6E03 /* AboutModel.swift in Sources */ = {isa = PBXBuildFile; fileRef = 52735EDF2284562C00BA6E03 /* AboutModel.swift */; };
		52735EE52284562C00BA6E03 /* AboutView.swift in Sources */ = {isa = PBXBuildFile; fileRef = 52735EE02284562C00BA6E03 /* AboutView.swift */; };
		52735EE62284562C00BA6E03 /* AboutView.swift in Sources */ = {isa = PBXBuildFile; fileRef = 52735EE02284562C00BA6E03 /* AboutView.swift */; };
		52735EE72284562C00BA6E03 /* AboutInfo.swift in Sources */ = {isa = PBXBuildFile; fileRef = 52735EE12284562C00BA6E03 /* AboutInfo.swift */; };
		52735EE82284562C00BA6E03 /* AboutInfo.swift in Sources */ = {isa = PBXBuildFile; fileRef = 52735EE12284562C00BA6E03 /* AboutInfo.swift */; };
		52735EE92284562C00BA6E03 /* AboutPresenter.swift in Sources */ = {isa = PBXBuildFile; fileRef = 52735EE22284562C00BA6E03 /* AboutPresenter.swift */; };
		52735EEA2284562C00BA6E03 /* AboutPresenter.swift in Sources */ = {isa = PBXBuildFile; fileRef = 52735EE22284562C00BA6E03 /* AboutPresenter.swift */; };
		52735EEC2284564300BA6E03 /* AboutViewController.swift in Sources */ = {isa = PBXBuildFile; fileRef = 52735EEB2284564300BA6E03 /* AboutViewController.swift */; };
		52735EED2284564300BA6E03 /* AboutViewController.swift in Sources */ = {isa = PBXBuildFile; fileRef = 52735EEB2284564300BA6E03 /* AboutViewController.swift */; };
		52735EF02284581900BA6E03 /* aboutInfo.json in Resources */ = {isa = PBXBuildFile; fileRef = 52735EEF228457DE00BA6E03 /* aboutInfo.json */; };
		52735EF6228468A400BA6E03 /* AboutViewTest.swift in Sources */ = {isa = PBXBuildFile; fileRef = 52735EF42284687F00BA6E03 /* AboutViewTest.swift */; };
		52735F1322846A9600BA6E03 /* City.swift in Sources */ = {isa = PBXBuildFile; fileRef = 5295946E227BA8AF00B48E59 /* City.swift */; };
		52735F1422846A9700BA6E03 /* City.swift in Sources */ = {isa = PBXBuildFile; fileRef = 5295946E227BA8AF00B48E59 /* City.swift */; };
		5295943E227BA81300B48E59 /* AppDelegate.swift in Sources */ = {isa = PBXBuildFile; fileRef = 5295943D227BA81300B48E59 /* AppDelegate.swift */; };
		52959440227BA81300B48E59 /* ViewController.swift in Sources */ = {isa = PBXBuildFile; fileRef = 5295943F227BA81300B48E59 /* ViewController.swift */; };
		52959443227BA81300B48E59 /* Main.storyboard in Resources */ = {isa = PBXBuildFile; fileRef = 52959441227BA81300B48E59 /* Main.storyboard */; };
		52959445227BA81500B48E59 /* Assets.xcassets in Resources */ = {isa = PBXBuildFile; fileRef = 52959444227BA81500B48E59 /* Assets.xcassets */; };
		52959448227BA81500B48E59 /* LaunchScreen.storyboard in Resources */ = {isa = PBXBuildFile; fileRef = 52959446227BA81500B48E59 /* LaunchScreen.storyboard */; };
		52959453227BA81500B48E59 /* BackBaseExamTests.swift in Sources */ = {isa = PBXBuildFile; fileRef = 52959452227BA81500B48E59 /* BackBaseExamTests.swift */; };
		5295945E227BA81500B48E59 /* BackBaseExamUITests.swift in Sources */ = {isa = PBXBuildFile; fileRef = 5295945D227BA81500B48E59 /* BackBaseExamUITests.swift */; };
		5295946C227BA87B00B48E59 /* cities.json in Resources */ = {isa = PBXBuildFile; fileRef = 5295946B227BA87B00B48E59 /* cities.json */; };
		5295946F227BA8AF00B48E59 /* City.swift in Sources */ = {isa = PBXBuildFile; fileRef = 5295946E227BA8AF00B48E59 /* City.swift */; };
		52959471227BA9A000B48E59 /* CitiesModel.swift in Sources */ = {isa = PBXBuildFile; fileRef = 52959470227BA9A000B48E59 /* CitiesModel.swift */; };
		52959473227C448400B48E59 /* CItiesModelTests.swift in Sources */ = {isa = PBXBuildFile; fileRef = 52959472227C448400B48E59 /* CItiesModelTests.swift */; };
		52959476227C9D5000B48E59 /* CitiesViewController.swift in Sources */ = {isa = PBXBuildFile; fileRef = 52959475227C9D5000B48E59 /* CitiesViewController.swift */; };
		529A260322829CC500754557 /* CityCell.swift in Sources */ = {isa = PBXBuildFile; fileRef = 529A260222829CC500754557 /* CityCell.swift */; };
		529A26062282A05500754557 /* CitiesViewModel.swift in Sources */ = {isa = PBXBuildFile; fileRef = 529A26052282A05500754557 /* CitiesViewModel.swift */; };
		529A26082283BAB200754557 /* CitiesViewModelTest.swift in Sources */ = {isa = PBXBuildFile; fileRef = 529A26072283BAB200754557 /* CitiesViewModelTest.swift */; };
		52E870AB22812AFA00BCBF40 /* LandscapeViewController.swift in Sources */ = {isa = PBXBuildFile; fileRef = 52E870AA22812AFA00BCBF40 /* LandscapeViewController.swift */; };
		52E870AD22814D5200BCBF40 /* ViewControllerFactory.swift in Sources */ = {isa = PBXBuildFile; fileRef = 52E870AC22814D5200BCBF40 /* ViewControllerFactory.swift */; };
		52E870AF22814E7400BCBF40 /* ViewControllerFactoryTest.swift in Sources */ = {isa = PBXBuildFile; fileRef = 52E870AE22814E7400BCBF40 /* ViewControllerFactoryTest.swift */; };
/* End PBXBuildFile section */

/* Begin PBXContainerItemProxy section */
		5295944F227BA81500B48E59 /* PBXContainerItemProxy */ = {
			isa = PBXContainerItemProxy;
			containerPortal = 52959432227BA81300B48E59 /* Project object */;
			proxyType = 1;
			remoteGlobalIDString = 52959439227BA81300B48E59;
			remoteInfo = BackBaseExam;
		};
		5295945A227BA81500B48E59 /* PBXContainerItemProxy */ = {
			isa = PBXContainerItemProxy;
			containerPortal = 52959432227BA81300B48E59 /* Project object */;
			proxyType = 1;
			remoteGlobalIDString = 52959439227BA81300B48E59;
			remoteInfo = BackBaseExam;
		};
/* End PBXContainerItemProxy section */

/* Begin PBXFileReference section */
		52735ED72283D09200BA6E03 /* MapViewController.swift */ = {isa = PBXFileReference; lastKnownFileType = sourcecode.swift; path = MapViewController.swift; sourceTree = "<group>"; };
		52735ED92283D65400BA6E03 /* MapViewModel.swift */ = {isa = PBXFileReference; fileEncoding = 4; lastKnownFileType = sourcecode.swift; path = MapViewModel.swift; sourceTree = "<group>"; };
		52735EDB2283EF8200BA6E03 /* AboutCityViewController.swift */ = {isa = PBXFileReference; lastKnownFileType = sourcecode.swift; path = AboutCityViewController.swift; sourceTree = "<group>"; };
		52735EDF2284562C00BA6E03 /* AboutModel.swift */ = {isa = PBXFileReference; fileEncoding = 4; lastKnownFileType = sourcecode.swift; path = AboutModel.swift; sourceTree = "<group>"; };
		52735EE02284562C00BA6E03 /* AboutView.swift */ = {isa = PBXFileReference; fileEncoding = 4; lastKnownFileType = sourcecode.swift; path = AboutView.swift; sourceTree = "<group>"; };
		52735EE12284562C00BA6E03 /* AboutInfo.swift */ = {isa = PBXFileReference; fileEncoding = 4; lastKnownFileType = sourcecode.swift; path = AboutInfo.swift; sourceTree = "<group>"; };
		52735EE22284562C00BA6E03 /* AboutPresenter.swift */ = {isa = PBXFileReference; fileEncoding = 4; lastKnownFileType = sourcecode.swift; path = AboutPresenter.swift; sourceTree = "<group>"; };
		52735EEB2284564300BA6E03 /* AboutViewController.swift */ = {isa = PBXFileReference; lastKnownFileType = sourcecode.swift; path = AboutViewController.swift; sourceTree = "<group>"; };
		52735EEF228457DE00BA6E03 /* aboutInfo.json */ = {isa = PBXFileReference; lastKnownFileType = text.json; path = aboutInfo.json; sourceTree = "<group>"; };
		52735EF42284687F00BA6E03 /* AboutViewTest.swift */ = {isa = PBXFileReference; lastKnownFileType = sourcecode.swift; path = AboutViewTest.swift; sourceTree = "<group>"; };
		5295943A227BA81300B48E59 /* BackBaseExam.app */ = {isa = PBXFileReference; explicitFileType = wrapper.application; includeInIndex = 0; path = BackBaseExam.app; sourceTree = BUILT_PRODUCTS_DIR; };
		5295943D227BA81300B48E59 /* AppDelegate.swift */ = {isa = PBXFileReference; lastKnownFileType = sourcecode.swift; path = AppDelegate.swift; sourceTree = "<group>"; };
		5295943F227BA81300B48E59 /* ViewController.swift */ = {isa = PBXFileReference; lastKnownFileType = sourcecode.swift; path = ViewController.swift; sourceTree = "<group>"; };
		52959442227BA81300B48E59 /* Base */ = {isa = PBXFileReference; lastKnownFileType = file.storyboard; name = Base; path = Base.lproj/Main.storyboard; sourceTree = "<group>"; };
		52959444227BA81500B48E59 /* Assets.xcassets */ = {isa = PBXFileReference; lastKnownFileType = folder.assetcatalog; path = Assets.xcassets; sourceTree = "<group>"; };
		52959447227BA81500B48E59 /* Base */ = {isa = PBXFileReference; lastKnownFileType = file.storyboard; name = Base; path = Base.lproj/LaunchScreen.storyboard; sourceTree = "<group>"; };
		52959449227BA81500B48E59 /* Info.plist */ = {isa = PBXFileReference; lastKnownFileType = text.plist.xml; path = Info.plist; sourceTree = "<group>"; };
		5295944E227BA81500B48E59 /* BackBaseExamTests.xctest */ = {isa = PBXFileReference; explicitFileType = wrapper.cfbundle; includeInIndex = 0; path = BackBaseExamTests.xctest; sourceTree = BUILT_PRODUCTS_DIR; };
		52959452227BA81500B48E59 /* BackBaseExamTests.swift */ = {isa = PBXFileReference; lastKnownFileType = sourcecode.swift; path = BackBaseExamTests.swift; sourceTree = "<group>"; };
		52959454227BA81500B48E59 /* Info.plist */ = {isa = PBXFileReference; lastKnownFileType = text.plist.xml; path = Info.plist; sourceTree = "<group>"; };
		52959459227BA81500B48E59 /* BackBaseExamUITests.xctest */ = {isa = PBXFileReference; explicitFileType = wrapper.cfbundle; includeInIndex = 0; path = BackBaseExamUITests.xctest; sourceTree = BUILT_PRODUCTS_DIR; };
		5295945D227BA81500B48E59 /* BackBaseExamUITests.swift */ = {isa = PBXFileReference; lastKnownFileType = sourcecode.swift; path = BackBaseExamUITests.swift; sourceTree = "<group>"; };
		5295945F227BA81500B48E59 /* Info.plist */ = {isa = PBXFileReference; lastKnownFileType = text.plist.xml; path = Info.plist; sourceTree = "<group>"; };
		5295946B227BA87B00B48E59 /* cities.json */ = {isa = PBXFileReference; fileEncoding = 4; lastKnownFileType = text.json; name = cities.json; path = BackBaseExam/Model/cities.json; sourceTree = SOURCE_ROOT; };
		5295946E227BA8AF00B48E59 /* City.swift */ = {isa = PBXFileReference; lastKnownFileType = sourcecode.swift; path = City.swift; sourceTree = "<group>"; };
		52959470227BA9A000B48E59 /* CitiesModel.swift */ = {isa = PBXFileReference; lastKnownFileType = sourcecode.swift; path = CitiesModel.swift; sourceTree = "<group>"; };
		52959472227C448400B48E59 /* CItiesModelTests.swift */ = {isa = PBXFileReference; lastKnownFileType = sourcecode.swift; path = CItiesModelTests.swift; sourceTree = "<group>"; };
		52959475227C9D5000B48E59 /* CitiesViewController.swift */ = {isa = PBXFileReference; lastKnownFileType = sourcecode.swift; path = CitiesViewController.swift; sourceTree = "<group>"; };
		529A260222829CC500754557 /* CityCell.swift */ = {isa = PBXFileReference; lastKnownFileType = sourcecode.swift; path = CityCell.swift; sourceTree = "<group>"; };
		529A26052282A05500754557 /* CitiesViewModel.swift */ = {isa = PBXFileReference; lastKnownFileType = sourcecode.swift; path = CitiesViewModel.swift; sourceTree = "<group>"; };
		529A26072283BAB200754557 /* CitiesViewModelTest.swift */ = {isa = PBXFileReference; lastKnownFileType = sourcecode.swift; path = CitiesViewModelTest.swift; sourceTree = "<group>"; };
		52E870AA22812AFA00BCBF40 /* LandscapeViewController.swift */ = {isa = PBXFileReference; lastKnownFileType = sourcecode.swift; path = LandscapeViewController.swift; sourceTree = "<group>"; };
		52E870AC22814D5200BCBF40 /* ViewControllerFactory.swift */ = {isa = PBXFileReference; lastKnownFileType = sourcecode.swift; path = ViewControllerFactory.swift; sourceTree = "<group>"; };
		52E870AE22814E7400BCBF40 /* ViewControllerFactoryTest.swift */ = {isa = PBXFileReference; lastKnownFileType = sourcecode.swift; path = ViewControllerFactoryTest.swift; sourceTree = "<group>"; };
/* End PBXFileReference section */

/* Begin PBXFrameworksBuildPhase section */
		52959437227BA81300B48E59 /* Frameworks */ = {
			isa = PBXFrameworksBuildPhase;
			buildActionMask = 2147483647;
			files = (
			);
			runOnlyForDeploymentPostprocessing = 0;
		};
		5295944B227BA81500B48E59 /* Frameworks */ = {
			isa = PBXFrameworksBuildPhase;
			buildActionMask = 2147483647;
			files = (
			);
			runOnlyForDeploymentPostprocessing = 0;
		};
		52959456227BA81500B48E59 /* Frameworks */ = {
			isa = PBXFrameworksBuildPhase;
			buildActionMask = 2147483647;
			files = (
			);
			runOnlyForDeploymentPostprocessing = 0;
		};
/* End PBXFrameworksBuildPhase section */

/* Begin PBXGroup section */
		52735EDE2284561300BA6E03 /* AboutCode */ = {
			isa = PBXGroup;
			children = (
				52735EEF228457DE00BA6E03 /* aboutInfo.json */,
				52735EE12284562C00BA6E03 /* AboutInfo.swift */,
				52735EDF2284562C00BA6E03 /* AboutModel.swift */,
				52735EE22284562C00BA6E03 /* AboutPresenter.swift */,
				52735EE02284562C00BA6E03 /* AboutView.swift */,
				52735EEB2284564300BA6E03 /* AboutViewController.swift */,
			);
			path = AboutCode;
			sourceTree = "<group>";
		};
		52959431227BA81300B48E59 = {
			isa = PBXGroup;
			children = (
				5295943C227BA81300B48E59 /* BackBaseExam */,
				52959451227BA81500B48E59 /* BackBaseExamTests */,
				5295945C227BA81500B48E59 /* BackBaseExamUITests */,
				5295943B227BA81300B48E59 /* Products */,
			);
			sourceTree = "<group>";
		};
		5295943B227BA81300B48E59 /* Products */ = {
			isa = PBXGroup;
			children = (
				5295943A227BA81300B48E59 /* BackBaseExam.app */,
				5295944E227BA81500B48E59 /* BackBaseExamTests.xctest */,
				52959459227BA81500B48E59 /* BackBaseExamUITests.xctest */,
			);
			name = Products;
			sourceTree = "<group>";
		};
		5295943C227BA81300B48E59 /* BackBaseExam */ = {
			isa = PBXGroup;
			children = (
				52735EDE2284561300BA6E03 /* AboutCode */,
				529A260122829CB700754557 /* View */,
				529A26042282A01D00754557 /* ViewModel */,
				52959474227C9D2100B48E59 /* ViewController */,
				5295946D227BA89400B48E59 /* Model */,
				5295943D227BA81300B48E59 /* AppDelegate.swift */,
				5295943F227BA81300B48E59 /* ViewController.swift */,
				52959441227BA81300B48E59 /* Main.storyboard */,
				52959444227BA81500B48E59 /* Assets.xcassets */,
				52959446227BA81500B48E59 /* LaunchScreen.storyboard */,
				52959449227BA81500B48E59 /* Info.plist */,
			);
			path = BackBaseExam;
			sourceTree = "<group>";
		};
		52959451227BA81500B48E59 /* BackBaseExamTests */ = {
			isa = PBXGroup;
			children = (
				529A26072283BAB200754557 /* CitiesViewModelTest.swift */,
				52E870AE22814E7400BCBF40 /* ViewControllerFactoryTest.swift */,
				52959472227C448400B48E59 /* CItiesModelTests.swift */,
				52959452227BA81500B48E59 /* BackBaseExamTests.swift */,
				52959454227BA81500B48E59 /* Info.plist */,
			);
			path = BackBaseExamTests;
			sourceTree = "<group>";
		};
		5295945C227BA81500B48E59 /* BackBaseExamUITests */ = {
			isa = PBXGroup;
			children = (
				52735EF42284687F00BA6E03 /* AboutViewTest.swift */,
				5295945D227BA81500B48E59 /* BackBaseExamUITests.swift */,
				5295945F227BA81500B48E59 /* Info.plist */,
			);
			path = BackBaseExamUITests;
			sourceTree = "<group>";
		};
		5295946D227BA89400B48E59 /* Model */ = {
			isa = PBXGroup;
			children = (
				5295946B227BA87B00B48E59 /* cities.json */,
				5295946E227BA8AF00B48E59 /* City.swift */,
				52959470227BA9A000B48E59 /* CitiesModel.swift */,
			);
			path = Model;
			sourceTree = "<group>";
		};
		52959474227C9D2100B48E59 /* ViewController */ = {
			isa = PBXGroup;
			children = (
				52E870AC22814D5200BCBF40 /* ViewControllerFactory.swift */,
				52959475227C9D5000B48E59 /* CitiesViewController.swift */,
				52E870AA22812AFA00BCBF40 /* LandscapeViewController.swift */,
				52735ED72283D09200BA6E03 /* MapViewController.swift */,
				52735EDB2283EF8200BA6E03 /* AboutCityViewController.swift */,
			);
			path = ViewController;
			sourceTree = "<group>";
		};
		529A260122829CB700754557 /* View */ = {
			isa = PBXGroup;
			children = (
				529A260222829CC500754557 /* CityCell.swift */,
			);
			path = View;
			sourceTree = "<group>";
		};
		529A26042282A01D00754557 /* ViewModel */ = {
			isa = PBXGroup;
			children = (
				52735ED92283D65400BA6E03 /* MapViewModel.swift */,
				529A26052282A05500754557 /* CitiesViewModel.swift */,
			);
			path = ViewModel;
			sourceTree = "<group>";
		};
/* End PBXGroup section */

/* Begin PBXNativeTarget section */
		52959439227BA81300B48E59 /* BackBaseExam */ = {
			isa = PBXNativeTarget;
			buildConfigurationList = 52959462227BA81500B48E59 /* Build configuration list for PBXNativeTarget "BackBaseExam" */;
			buildPhases = (
				52959436227BA81300B48E59 /* Sources */,
				52959437227BA81300B48E59 /* Frameworks */,
				52959438227BA81300B48E59 /* Resources */,
			);
			buildRules = (
			);
			dependencies = (
			);
			name = BackBaseExam;
			productName = BackBaseExam;
			productReference = 5295943A227BA81300B48E59 /* BackBaseExam.app */;
			productType = "com.apple.product-type.application";
		};
		5295944D227BA81500B48E59 /* BackBaseExamTests */ = {
			isa = PBXNativeTarget;
			buildConfigurationList = 52959465227BA81500B48E59 /* Build configuration list for PBXNativeTarget "BackBaseExamTests" */;
			buildPhases = (
				5295944A227BA81500B48E59 /* Sources */,
				5295944B227BA81500B48E59 /* Frameworks */,
				5295944C227BA81500B48E59 /* Resources */,
			);
			buildRules = (
			);
			dependencies = (
				52959450227BA81500B48E59 /* PBXTargetDependency */,
			);
			name = BackBaseExamTests;
			productName = BackBaseExamTests;
			productReference = 5295944E227BA81500B48E59 /* BackBaseExamTests.xctest */;
			productType = "com.apple.product-type.bundle.unit-test";
		};
		52959458227BA81500B48E59 /* BackBaseExamUITests */ = {
			isa = PBXNativeTarget;
			buildConfigurationList = 52959468227BA81500B48E59 /* Build configuration list for PBXNativeTarget "BackBaseExamUITests" */;
			buildPhases = (
				52959455227BA81500B48E59 /* Sources */,
				52959456227BA81500B48E59 /* Frameworks */,
				52959457227BA81500B48E59 /* Resources */,
			);
			buildRules = (
			);
			dependencies = (
				5295945B227BA81500B48E59 /* PBXTargetDependency */,
			);
			name = BackBaseExamUITests;
			productName = BackBaseExamUITests;
			productReference = 52959459227BA81500B48E59 /* BackBaseExamUITests.xctest */;
			productType = "com.apple.product-type.bundle.ui-testing";
		};
/* End PBXNativeTarget section */

/* Begin PBXProject section */
		52959432227BA81300B48E59 /* Project object */ = {
			isa = PBXProject;
			attributes = {
				LastSwiftUpdateCheck = 1020;
				LastUpgradeCheck = 1020;
				ORGANIZATIONNAME = "John Freidrich Cinco";
				TargetAttributes = {
					52959439227BA81300B48E59 = {
						CreatedOnToolsVersion = 10.2.1;
					};
					5295944D227BA81500B48E59 = {
						CreatedOnToolsVersion = 10.2.1;
						TestTargetID = 52959439227BA81300B48E59;
					};
					52959458227BA81500B48E59 = {
						CreatedOnToolsVersion = 10.2.1;
						TestTargetID = 52959439227BA81300B48E59;
					};
				};
			};
			buildConfigurationList = 52959435227BA81300B48E59 /* Build configuration list for PBXProject "BackBaseExam" */;
			compatibilityVersion = "Xcode 9.3";
			developmentRegion = en;
			hasScannedForEncodings = 0;
			knownRegions = (
				en,
				Base,
			);
			mainGroup = 52959431227BA81300B48E59;
			productRefGroup = 5295943B227BA81300B48E59 /* Products */;
			projectDirPath = "";
			projectRoot = "";
			targets = (
				52959439227BA81300B48E59 /* BackBaseExam */,
				5295944D227BA81500B48E59 /* BackBaseExamTests */,
				52959458227BA81500B48E59 /* BackBaseExamUITests */,
			);
		};
/* End PBXProject section */

/* Begin PBXResourcesBuildPhase section */
		52959438227BA81300B48E59 /* Resources */ = {
			isa = PBXResourcesBuildPhase;
			buildActionMask = 2147483647;
			files = (
				5295946C227BA87B00B48E59 /* cities.json in Resources */,
				52959448227BA81500B48E59 /* LaunchScreen.storyboard in Resources */,
				52959445227BA81500B48E59 /* Assets.xcassets in Resources */,
				52735EF02284581900BA6E03 /* aboutInfo.json in Resources */,
				52959443227BA81300B48E59 /* Main.storyboard in Resources */,
			);
			runOnlyForDeploymentPostprocessing = 0;
		};
		5295944C227BA81500B48E59 /* Resources */ = {
			isa = PBXResourcesBuildPhase;
			buildActionMask = 2147483647;
			files = (
			);
			runOnlyForDeploymentPostprocessing = 0;
		};
		52959457227BA81500B48E59 /* Resources */ = {
			isa = PBXResourcesBuildPhase;
			buildActionMask = 2147483647;
			files = (
			);
			runOnlyForDeploymentPostprocessing = 0;
		};
/* End PBXResourcesBuildPhase section */

/* Begin PBXSourcesBuildPhase section */
		52959436227BA81300B48E59 /* Sources */ = {
			isa = PBXSourcesBuildPhase;
			buildActionMask = 2147483647;
			files = (
				52735EDC2283EF8200BA6E03 /* AboutCityViewController.swift in Sources */,
				52735EE32284562C00BA6E03 /* AboutModel.swift in Sources */,
				52735EE92284562C00BA6E03 /* AboutPresenter.swift in Sources */,
				52735ED82283D09200BA6E03 /* MapViewController.swift in Sources */,
				52959440227BA81300B48E59 /* ViewController.swift in Sources */,
				52959476227C9D5000B48E59 /* CitiesViewController.swift in Sources */,
				52E870AB22812AFA00BCBF40 /* LandscapeViewController.swift in Sources */,
				5295943E227BA81300B48E59 /* AppDelegate.swift in Sources */,
				529A260322829CC500754557 /* CityCell.swift in Sources */,
				52735EEC2284564300BA6E03 /* AboutViewController.swift in Sources */,
				52735EE52284562C00BA6E03 /* AboutView.swift in Sources */,
				52E870AD22814D5200BCBF40 /* ViewControllerFactory.swift in Sources */,
				52735EE72284562C00BA6E03 /* AboutInfo.swift in Sources */,
				52959471227BA9A000B48E59 /* CitiesModel.swift in Sources */,
				5295946F227BA8AF00B48E59 /* City.swift in Sources */,
				529A26062282A05500754557 /* CitiesViewModel.swift in Sources */,
				52735EDA2283D65400BA6E03 /* MapViewModel.swift in Sources */,
			);
			runOnlyForDeploymentPostprocessing = 0;
		};
		5295944A227BA81500B48E59 /* Sources */ = {
			isa = PBXSourcesBuildPhase;
			buildActionMask = 2147483647;
			files = (
				52959473227C448400B48E59 /* CItiesModelTests.swift in Sources */,
				529A26082283BAB200754557 /* CitiesViewModelTest.swift in Sources */,
				52735EEA2284562C00BA6E03 /* AboutPresenter.swift in Sources */,
				52735EED2284564300BA6E03 /* AboutViewController.swift in Sources */,
				52E870AF22814E7400BCBF40 /* ViewControllerFactoryTest.swift in Sources */,
				52735EE42284562C00BA6E03 /* AboutModel.swift in Sources */,
				52735F1422846A9700BA6E03 /* City.swift in Sources */,
				52735EE62284562C00BA6E03 /* AboutView.swift in Sources */,
				52959453227BA81500B48E59 /* BackBaseExamTests.swift in Sources */,
				52735EE82284562C00BA6E03 /* AboutInfo.swift in Sources */,
			);
			runOnlyForDeploymentPostprocessing = 0;
		};
		52959455227BA81500B48E59 /* Sources */ = {
			isa = PBXSourcesBuildPhase;
			buildActionMask = 2147483647;
			files = (
				52735EF6228468A400BA6E03 /* AboutViewTest.swift in Sources */,
				5295945E227BA81500B48E59 /* BackBaseExamUITests.swift in Sources */,
				52735F1322846A9600BA6E03 /* City.swift in Sources */,
			);
			runOnlyForDeploymentPostprocessing = 0;
		};
/* End PBXSourcesBuildPhase section */

/* Begin PBXTargetDependency section */
		52959450227BA81500B48E59 /* PBXTargetDependency */ = {
			isa = PBXTargetDependency;
			target = 52959439227BA81300B48E59 /* BackBaseExam */;
			targetProxy = 5295944F227BA81500B48E59 /* PBXContainerItemProxy */;
		};
		5295945B227BA81500B48E59 /* PBXTargetDependency */ = {
			isa = PBXTargetDependency;
			target = 52959439227BA81300B48E59 /* BackBaseExam */;
			targetProxy = 5295945A227BA81500B48E59 /* PBXContainerItemProxy */;
		};
/* End PBXTargetDependency section */

/* Begin PBXVariantGroup section */
		52959441227BA81300B48E59 /* Main.storyboard */ = {
			isa = PBXVariantGroup;
			children = (
				52959442227BA81300B48E59 /* Base */,
			);
			name = Main.storyboard;
			sourceTree = "<group>";
		};
		52959446227BA81500B48E59 /* LaunchScreen.storyboard */ = {
			isa = PBXVariantGroup;
			children = (
				52959447227BA81500B48E59 /* Base */,
			);
			name = LaunchScreen.storyboard;
			sourceTree = "<group>";
		};
/* End PBXVariantGroup section */

/* Begin XCBuildConfiguration section */
		52959460227BA81500B48E59 /* Debug */ = {
			isa = XCBuildConfiguration;
			buildSettings = {
				ALWAYS_SEARCH_USER_PATHS = NO;
				CLANG_ANALYZER_NONNULL = YES;
				CLANG_ANALYZER_NUMBER_OBJECT_CONVERSION = YES_AGGRESSIVE;
				CLANG_CXX_LANGUAGE_STANDARD = "gnu++14";
				CLANG_CXX_LIBRARY = "libc++";
				CLANG_ENABLE_MODULES = YES;
				CLANG_ENABLE_OBJC_ARC = YES;
				CLANG_ENABLE_OBJC_WEAK = YES;
				CLANG_WARN_BLOCK_CAPTURE_AUTORELEASING = YES;
				CLANG_WARN_BOOL_CONVERSION = YES;
				CLANG_WARN_COMMA = YES;
				CLANG_WARN_CONSTANT_CONVERSION = YES;
				CLANG_WARN_DEPRECATED_OBJC_IMPLEMENTATIONS = YES;
				CLANG_WARN_DIRECT_OBJC_ISA_USAGE = YES_ERROR;
				CLANG_WARN_DOCUMENTATION_COMMENTS = YES;
				CLANG_WARN_EMPTY_BODY = YES;
				CLANG_WARN_ENUM_CONVERSION = YES;
				CLANG_WARN_INFINITE_RECURSION = YES;
				CLANG_WARN_INT_CONVERSION = YES;
				CLANG_WARN_NON_LITERAL_NULL_CONVERSION = YES;
				CLANG_WARN_OBJC_IMPLICIT_RETAIN_SELF = YES;
				CLANG_WARN_OBJC_LITERAL_CONVERSION = YES;
				CLANG_WARN_OBJC_ROOT_CLASS = YES_ERROR;
				CLANG_WARN_RANGE_LOOP_ANALYSIS = YES;
				CLANG_WARN_STRICT_PROTOTYPES = YES;
				CLANG_WARN_SUSPICIOUS_MOVE = YES;
				CLANG_WARN_UNGUARDED_AVAILABILITY = YES_AGGRESSIVE;
				CLANG_WARN_UNREACHABLE_CODE = YES;
				CLANG_WARN__DUPLICATE_METHOD_MATCH = YES;
				CODE_SIGN_IDENTITY = "iPhone Developer";
				COPY_PHASE_STRIP = NO;
				DEBUG_INFORMATION_FORMAT = dwarf;
				ENABLE_STRICT_OBJC_MSGSEND = YES;
				ENABLE_TESTABILITY = YES;
				GCC_C_LANGUAGE_STANDARD = gnu11;
				GCC_DYNAMIC_NO_PIC = NO;
				GCC_NO_COMMON_BLOCKS = YES;
				GCC_OPTIMIZATION_LEVEL = 0;
				GCC_PREPROCESSOR_DEFINITIONS = (
					"DEBUG=1",
					"$(inherited)",
				);
				GCC_WARN_64_TO_32_BIT_CONVERSION = YES;
				GCC_WARN_ABOUT_RETURN_TYPE = YES_ERROR;
				GCC_WARN_UNDECLARED_SELECTOR = YES;
				GCC_WARN_UNINITIALIZED_AUTOS = YES_AGGRESSIVE;
				GCC_WARN_UNUSED_FUNCTION = YES;
				GCC_WARN_UNUSED_VARIABLE = YES;
				IPHONEOS_DEPLOYMENT_TARGET = 10.0;
				MTL_ENABLE_DEBUG_INFO = INCLUDE_SOURCE;
				MTL_FAST_MATH = YES;
				ONLY_ACTIVE_ARCH = YES;
				SDKROOT = iphoneos;
				SWIFT_ACTIVE_COMPILATION_CONDITIONS = DEBUG;
				SWIFT_OPTIMIZATION_LEVEL = "-Onone";
			};
			name = Debug;
		};
		52959461227BA81500B48E59 /* Release */ = {
			isa = XCBuildConfiguration;
			buildSettings = {
				ALWAYS_SEARCH_USER_PATHS = NO;
				CLANG_ANALYZER_NONNULL = YES;
				CLANG_ANALYZER_NUMBER_OBJECT_CONVERSION = YES_AGGRESSIVE;
				CLANG_CXX_LANGUAGE_STANDARD = "gnu++14";
				CLANG_CXX_LIBRARY = "libc++";
				CLANG_ENABLE_MODULES = YES;
				CLANG_ENABLE_OBJC_ARC = YES;
				CLANG_ENABLE_OBJC_WEAK = YES;
				CLANG_WARN_BLOCK_CAPTURE_AUTORELEASING = YES;
				CLANG_WARN_BOOL_CONVERSION = YES;
				CLANG_WARN_COMMA = YES;
				CLANG_WARN_CONSTANT_CONVERSION = YES;
				CLANG_WARN_DEPRECATED_OBJC_IMPLEMENTATIONS = YES;
				CLANG_WARN_DIRECT_OBJC_ISA_USAGE = YES_ERROR;
				CLANG_WARN_DOCUMENTATION_COMMENTS = YES;
				CLANG_WARN_EMPTY_BODY = YES;
				CLANG_WARN_ENUM_CONVERSION = YES;
				CLANG_WARN_INFINITE_RECURSION = YES;
				CLANG_WARN_INT_CONVERSION = YES;
				CLANG_WARN_NON_LITERAL_NULL_CONVERSION = YES;
				CLANG_WARN_OBJC_IMPLICIT_RETAIN_SELF = YES;
				CLANG_WARN_OBJC_LITERAL_CONVERSION = YES;
				CLANG_WARN_OBJC_ROOT_CLASS = YES_ERROR;
				CLANG_WARN_RANGE_LOOP_ANALYSIS = YES;
				CLANG_WARN_STRICT_PROTOTYPES = YES;
				CLANG_WARN_SUSPICIOUS_MOVE = YES;
				CLANG_WARN_UNGUARDED_AVAILABILITY = YES_AGGRESSIVE;
				CLANG_WARN_UNREACHABLE_CODE = YES;
				CLANG_WARN__DUPLICATE_METHOD_MATCH = YES;
				CODE_SIGN_IDENTITY = "iPhone Developer";
				COPY_PHASE_STRIP = NO;
				DEBUG_INFORMATION_FORMAT = "dwarf-with-dsym";
				ENABLE_NS_ASSERTIONS = NO;
				ENABLE_STRICT_OBJC_MSGSEND = YES;
				GCC_C_LANGUAGE_STANDARD = gnu11;
				GCC_NO_COMMON_BLOCKS = YES;
				GCC_WARN_64_TO_32_BIT_CONVERSION = YES;
				GCC_WARN_ABOUT_RETURN_TYPE = YES_ERROR;
				GCC_WARN_UNDECLARED_SELECTOR = YES;
				GCC_WARN_UNINITIALIZED_AUTOS = YES_AGGRESSIVE;
				GCC_WARN_UNUSED_FUNCTION = YES;
				GCC_WARN_UNUSED_VARIABLE = YES;
				IPHONEOS_DEPLOYMENT_TARGET = 10.0;
				MTL_ENABLE_DEBUG_INFO = NO;
				MTL_FAST_MATH = YES;
				SDKROOT = iphoneos;
				SWIFT_COMPILATION_MODE = wholemodule;
				SWIFT_OPTIMIZATION_LEVEL = "-O";
				VALIDATE_PRODUCT = YES;
			};
			name = Release;
		};
		52959463227BA81500B48E59 /* Debug */ = {
			isa = XCBuildConfiguration;
			buildSettings = {
				ASSETCATALOG_COMPILER_APPICON_NAME = AppIcon;
				CODE_SIGN_STYLE = Automatic;
				INFOPLIST_FILE = BackBaseExam/Info.plist;
				LD_RUNPATH_SEARCH_PATHS = (
					"$(inherited)",
					"@executable_path/Frameworks",
				);
				PRODUCT_BUNDLE_IDENTIFIER = com.jcinco.BackBaseExam;
				PRODUCT_NAME = "$(TARGET_NAME)";
				SWIFT_VERSION = 4.0;
				TARGETED_DEVICE_FAMILY = "1,2";
			};
			name = Debug;
		};
		52959464227BA81500B48E59 /* Release */ = {
			isa = XCBuildConfiguration;
			buildSettings = {
				ASSETCATALOG_COMPILER_APPICON_NAME = AppIcon;
				CODE_SIGN_STYLE = Automatic;
				INFOPLIST_FILE = BackBaseExam/Info.plist;
				LD_RUNPATH_SEARCH_PATHS = (
					"$(inherited)",
					"@executable_path/Frameworks",
				);
				PRODUCT_BUNDLE_IDENTIFIER = com.jcinco.BackBaseExam;
				PRODUCT_NAME = "$(TARGET_NAME)";
				SWIFT_VERSION = 4.0;
				TARGETED_DEVICE_FAMILY = "1,2";
			};
			name = Release;
		};
		52959466227BA81500B48E59 /* Debug */ = {
			isa = XCBuildConfiguration;
			buildSettings = {
				ALWAYS_EMBED_SWIFT_STANDARD_LIBRARIES = YES;
				BUNDLE_LOADER = "$(TEST_HOST)";
				CODE_SIGN_STYLE = Automatic;
				INFOPLIST_FILE = BackBaseExamTests/Info.plist;
				LD_RUNPATH_SEARCH_PATHS = (
					"$(inherited)",
					"@executable_path/Frameworks",
					"@loader_path/Frameworks",
				);
				PRODUCT_BUNDLE_IDENTIFIER = com.jcinco.BackBaseExamTests;
				PRODUCT_NAME = "$(TARGET_NAME)";
				SWIFT_VERSION = 4.0;
				TARGETED_DEVICE_FAMILY = "1,2";
				TEST_HOST = "$(BUILT_PRODUCTS_DIR)/BackBaseExam.app/BackBaseExam";
			};
			name = Debug;
		};
		52959467227BA81500B48E59 /* Release */ = {
			isa = XCBuildConfiguration;
			buildSettings = {
				ALWAYS_EMBED_SWIFT_STANDARD_LIBRARIES = YES;
				BUNDLE_LOADER = "$(TEST_HOST)";
				CODE_SIGN_STYLE = Automatic;
				INFOPLIST_FILE = BackBaseExamTests/Info.plist;
				LD_RUNPATH_SEARCH_PATHS = (
					"$(inherited)",
					"@executable_path/Frameworks",
					"@loader_path/Frameworks",
				);
				PRODUCT_BUNDLE_IDENTIFIER = com.jcinco.BackBaseExamTests;
				PRODUCT_NAME = "$(TARGET_NAME)";
				SWIFT_VERSION = 4.0;
				TARGETED_DEVICE_FAMILY = "1,2";
				TEST_HOST = "$(BUILT_PRODUCTS_DIR)/BackBaseExam.app/BackBaseExam";
			};
			name = Release;
		};
		52959469227BA81500B48E59 /* Debug */ = {
			isa = XCBuildConfiguration;
			buildSettings = {
				ALWAYS_EMBED_SWIFT_STANDARD_LIBRARIES = YES;
				CODE_SIGN_STYLE = Automatic;
				INFOPLIST_FILE = BackBaseExamUITests/Info.plist;
				LD_RUNPATH_SEARCH_PATHS = (
					"$(inherited)",
					"@executable_path/Frameworks",
					"@loader_path/Frameworks",
				);
				PRODUCT_BUNDLE_IDENTIFIER = com.jcinco.BackBaseExamUITests;
				PRODUCT_NAME = "$(TARGET_NAME)";
				SWIFT_VERSION = 4.0;
				TARGETED_DEVICE_FAMILY = "1,2";
				TEST_TARGET_NAME = BackBaseExam;
			};
			name = Debug;
		};
		5295946A227BA81500B48E59 /* Release */ = {
			isa = XCBuildConfiguration;
			buildSettings = {
				ALWAYS_EMBED_SWIFT_STANDARD_LIBRARIES = YES;
				CODE_SIGN_STYLE = Automatic;
				INFOPLIST_FILE = BackBaseExamUITests/Info.plist;
				LD_RUNPATH_SEARCH_PATHS = (
					"$(inherited)",
					"@executable_path/Frameworks",
					"@loader_path/Frameworks",
				);
				PRODUCT_BUNDLE_IDENTIFIER = com.jcinco.BackBaseExamUITests;
				PRODUCT_NAME = "$(TARGET_NAME)";
				SWIFT_VERSION = 4.0;
				TARGETED_DEVICE_FAMILY = "1,2";
				TEST_TARGET_NAME = BackBaseExam;
			};
			name = Release;
		};
/* End XCBuildConfiguration section */

/* Begin XCConfigurationList section */
		52959435227BA81300B48E59 /* Build configuration list for PBXProject "BackBaseExam" */ = {
			isa = XCConfigurationList;
			buildConfigurations = (
				52959460227BA81500B48E59 /* Debug */,
				52959461227BA81500B48E59 /* Release */,
			);
			defaultConfigurationIsVisible = 0;
			defaultConfigurationName = Release;
		};
		52959462227BA81500B48E59 /* Build configuration list for PBXNativeTarget "BackBaseExam" */ = {
			isa = XCConfigurationList;
			buildConfigurations = (
				52959463227BA81500B48E59 /* Debug */,
				52959464227BA81500B48E59 /* Release */,
			);
			defaultConfigurationIsVisible = 0;
			defaultConfigurationName = Release;
		};
		52959465227BA81500B48E59 /* Build configuration list for PBXNativeTarget "BackBaseExamTests" */ = {
			isa = XCConfigurationList;
			buildConfigurations = (
				52959466227BA81500B48E59 /* Debug */,
				52959467227BA81500B48E59 /* Release */,
			);
			defaultConfigurationIsVisible = 0;
			defaultConfigurationName = Release;
		};
		52959468227BA81500B48E59 /* Build configuration list for PBXNativeTarget "BackBaseExamUITests" */ = {
			isa = XCConfigurationList;
			buildConfigurations = (
				52959469227BA81500B48E59 /* Debug */,
				5295946A227BA81500B48E59 /* Release */,
			);
			defaultConfigurationIsVisible = 0;
			defaultConfigurationName = Release;
		};
/* End XCConfigurationList section */
	};
	rootObject = 52959432227BA81300B48E59 /* Project object */;
}
